
Microsoft Visual Studio Solution File, Format Version 12.00
# Visual Studio 15
VisualStudioVersion = 15.0.28307.960
MinimumVisualStudioVersion = 10.0.40219.1
Project("{FAE04EC0-301F-11D3-BF4B-00C04F79EFBC}") = "AutomationFrameworkC", "AutomationFrameworkC\AutomationFrameworkC.csproj", "{36E8191B-E9B5-46B5-A081-F1C24A7A8A5F}"
EndProject
Global
	GlobalSection(SolutionConfigurationPlatforms) = preSolution
		Debug|Any CPU = Debug|Any CPU
		Release|Any CPU = Release|Any CPU
	EndGlobalSection
	GlobalSection(ProjectConfigurationPlatforms) = postSolution
		{36E8191B-E9B5-46B5-A081-F1C24A7A8A5F}.Debug|Any CPU.ActiveCfg = Debug|Any CPU
		{36E8191B-E9B5-46B5-A081-F1C24A7A8A5F}.Debug|Any CPU.Build.0 = Debug|Any CPU
		{36E8191B-E9B5-46B5-A081-F1C24A7A8A5F}.Release|Any CPU.ActiveCfg = Release|Any CPU
		{36E8191B-E9B5-46B5-A081-F1C24A7A8A5F}.Release|Any CPU.Build.0 = Release|Any CPU
	EndGlobalSection
	GlobalSection(SolutionProperties) = preSolution
		HideSolutionNode = FALSE
	EndGlobalSection
	GlobalSection(ExtensibilityGlobals) = postSolution
		SolutionGuid = {39A4FE69-6EC8-4D5F-92AC-1AB01ECA9F11}
	EndGlobalSection
EndGlobal
