
Microsoft Visual Studio Solution File, Format Version 12.00
# Visual Studio Version 16
VisualStudioVersion = 16.0.29409.12
MinimumVisualStudioVersion = 10.0.40219.1
Project("{FAE04EC0-301F-11D3-BF4B-00C04F79EFBC}") = "M10Exercise_BrendaL", "M10Exercise_BrendaL\M10Exercise_BrendaL.csproj", "{F8D15D4D-9F63-4BB7-86A7-329074D86E67}"
EndProject
Global
	GlobalSection(SolutionConfigurationPlatforms) = preSolution
		Debug|Any CPU = Debug|Any CPU
		Release|Any CPU = Release|Any CPU
	EndGlobalSection
	GlobalSection(ProjectConfigurationPlatforms) = postSolution
		{F8D15D4D-9F63-4BB7-86A7-329074D86E67}.Debug|Any CPU.ActiveCfg = Debug|Any CPU
		{F8D15D4D-9F63-4BB7-86A7-329074D86E67}.Debug|Any CPU.Build.0 = Debug|Any CPU
		{F8D15D4D-9F63-4BB7-86A7-329074D86E67}.Release|Any CPU.ActiveCfg = Release|Any CPU
		{F8D15D4D-9F63-4BB7-86A7-329074D86E67}.Release|Any CPU.Build.0 = Release|Any CPU
	EndGlobalSection
	GlobalSection(SolutionProperties) = preSolution
		HideSolutionNode = FALSE
	EndGlobalSection
	GlobalSection(ExtensibilityGlobals) = postSolution
		SolutionGuid = {C349EEC6-0EAE-4FA5-90A9-FE5E3EA71754}
	EndGlobalSection
EndGlobal
